
Microsoft Visual Studio Solution File, Format Version 12.00
# Visual Studio Version 17
VisualStudioVersion = 17.0.31903.59
MinimumVisualStudioVersion = 10.0.40219.1
Project("{2150E333-8FDC-42A3-9474-1A3956D46DE8}") = "1.Core", "1.Core", "{91F44283-C18D-4BA4-ADF5-C7E059C3FD5A}"
EndProject
Project("{2150E333-8FDC-42A3-9474-1A3956D46DE8}") = "2.EntryPoint", "2.EntryPoint", "{CF9748BF-AA95-4FD9-9308-340EA02A9AEB}"
EndProject
Project("{2150E333-8FDC-42A3-9474-1A3956D46DE8}") = "3.Infrastructure", "3.Infrastructure", "{D77EF856-304A-4594-9BCF-6B40008B8B72}"
EndProject
Project("{2150E333-8FDC-42A3-9474-1A3956D46DE8}") = "4.Crosscutting", "4.Crosscutting", "{D74EB65E-04B5-4208-BF3D-31B34E70EFB5}"
EndProject
Project("{2150E333-8FDC-42A3-9474-1A3956D46DE8}") = "5.Tests", "5.Tests", "{0045BF8C-6218-46F0-BAC1-7A35B68C9175}"
EndProject
Project("{FAE04EC0-301F-11D3-BF4B-00C04F79EFBC}") = "Luciano.Serafim.Banking.Core.Api", "Luciano.Serafim.Banking.Core.Api\Luciano.Serafim.Banking.Core.Api.csproj", "{EC8369CA-24B7-4258-8A00-3A7724EF16DF}"
EndProject
Project("{FAE04EC0-301F-11D3-BF4B-00C04F79EFBC}") = "Luciano.Serafim.Banking.Core.Bootstrap", "Luciano.Serafim.Banking.Core.Bootstrap\Luciano.Serafim.Banking.Core.Bootstrap.csproj", "{8D36779C-43D2-4C4D-A4AF-8A04B107363F}"
EndProject
Project("{FAE04EC0-301F-11D3-BF4B-00C04F79EFBC}") = "Luciano.Serafim.Banking.Core.Infrastructure", "Luciano.Serafim.Banking.Core.Infrastructure\Luciano.Serafim.Banking.Core.Infrastructure.csproj", "{73553EBD-69FD-420A-AC1C-9D2E1F2DC140}"
EndProject
Project("{FAE04EC0-301F-11D3-BF4B-00C04F79EFBC}") = "Luciano.Serafim.Banking.Core.Tests", "Luciano.Serafim.Banking.Core.Tests\Luciano.Serafim.Banking.Core.Tests.csproj", "{203C1639-DDC0-43C9-A82D-D72EAA466C0F}"
EndProject
Project("{FAE04EC0-301F-11D3-BF4B-00C04F79EFBC}") = "Luciano.Serafim.Banking.Core.Models", "Luciano.Serafim.Banking.Core.Models\Luciano.Serafim.Banking.Core.Models.csproj", "{FDC3CBB8-5F69-4B3A-80FB-5C7F911B61E4}"
EndProject
Project("{FAE04EC0-301F-11D3-BF4B-00C04F79EFBC}") = "Luciano.Serafim.Banking.Core.Abstractions", "Luciano.Serafim.Banking.Core.Abstractions\Luciano.Serafim.Banking.Core.Abstractions.csproj", "{62190CD1-3F03-4BA7-BFBF-05E7ABF9D6D1}"
EndProject
Project("{FAE04EC0-301F-11D3-BF4B-00C04F79EFBC}") = "Luciano.Serafim.Banking.Core.Utils", "Luciano.Serafim.Banking.Core.Utils\Luciano.Serafim.Banking.Core.Utils.csproj", "{53E0E745-B439-43D7-9180-7DECE7EB676E}"
EndProject
Project("{FAE04EC0-301F-11D3-BF4B-00C04F79EFBC}") = "Luciano.Serafim.Banking.Core.UseCases", "Luciano.Serafim.Banking.Core.UseCases\Luciano.Serafim.Banking.Core.UseCases.csproj", "{D83A723C-5589-4F61-8256-52B82433B4C1}"
EndProject
Project("{FAE04EC0-301F-11D3-BF4B-00C04F79EFBC}") = "Luciano.Serafim.Banking.Core.MediatR", "Luciano.Serafim.Banking.Core.MediatR\Luciano.Serafim.Banking.Core.MediatR.csproj", "{C741F3CF-C129-48BF-B903-C8E888AFED97}"
EndProject
Project("{2150E333-8FDC-42A3-9474-1A3956D46DE8}") = "Accounts", "Accounts", "{CD589258-F952-4D02-8139-CAC2898F5941}"
EndProject
Project("{FAE04EC0-301F-11D3-BF4B-00C04F79EFBC}") = "Luciano.Serafim.Banking.Accounts.UseCases", "Accounts\Luciano.Serafim.Banking.Accounts.UseCases\Luciano.Serafim.Banking.Accounts.UseCases.csproj", "{00B779C4-34FB-4FDE-9552-7B1452AD5850}"
EndProject
Project("{2150E333-8FDC-42A3-9474-1A3956D46DE8}") = "People", "People", "{97576A46-140C-45C2-88C3-C8E317E8F7D0}"
EndProject
Project("{FAE04EC0-301F-11D3-BF4B-00C04F79EFBC}") = "Luciano.Serafim.Banking.People.UseCases", "People\Luciano.Serafim.Banking.People.UseCases\Luciano.Serafim.Banking.People.UseCases.csproj", "{80DEB088-4F2A-49CF-B2B4-FB879480DE0F}"
EndProject
Project("{2150E333-8FDC-42A3-9474-1A3956D46DE8}") = "Events", "Events", "{94B71763-9C21-46C2-AFA9-8B95636A26C3}"
EndProject
Project("{FAE04EC0-301F-11D3-BF4B-00C04F79EFBC}") = "Luciano.Serafim.Banking.Events.UseCases", "Events\Luciano.Serafim.Banking.Events.UseCases\Luciano.Serafim.Banking.Events.UseCases.csproj", "{DA41CD55-6F93-470B-B4C1-5FA5A8977B28}"
EndProject
Project("{2150E333-8FDC-42A3-9474-1A3956D46DE8}") = "Accounts", "Accounts", "{C82B3677-3355-41A1-B5B2-DDAE82AF619C}"
EndProject
Project("{2150E333-8FDC-42A3-9474-1A3956D46DE8}") = "Events", "Events", "{48EF7101-2CC0-403E-9C48-7ADF7EBD299E}"
EndProject
Project("{2150E333-8FDC-42A3-9474-1A3956D46DE8}") = "People", "People", "{42A9D05D-B0AA-4D83-945B-39AC14FA14FD}"
EndProject
Project("{FAE04EC0-301F-11D3-BF4B-00C04F79EFBC}") = "Luciano.Serafim.Banking.Accounts.Models", "Accounts\Luciano.Serafim.Banking.Accounts.Models\Luciano.Serafim.Banking.Accounts.Models.csproj", "{7857FAB0-376C-4109-95ED-BABD83D27C99}"
EndProject
Project("{FAE04EC0-301F-11D3-BF4B-00C04F79EFBC}") = "Luciano.Serafim.Banking.Accounts.Abstractions", "Accounts\Luciano.Serafim.Banking.Accounts.Abstractions\Luciano.Serafim.Banking.Accounts.Abstractions.csproj", "{6EA2A073-7492-4EFF-8126-B805F5C70059}"
EndProject
Project("{2150E333-8FDC-42A3-9474-1A3956D46DE8}") = "Accounts", "Accounts", "{CEB94E24-243B-4FDB-BA43-E73F968BDD77}"
EndProject
Project("{2150E333-8FDC-42A3-9474-1A3956D46DE8}") = "People", "People", "{17C8BA44-5118-4601-9578-26AE6B8588C9}"
EndProject
Project("{2150E333-8FDC-42A3-9474-1A3956D46DE8}") = "Events", "Events", "{58368D36-C3F6-43C5-BE4D-5B9363669D57}"
EndProject
Project("{FAE04EC0-301F-11D3-BF4B-00C04F79EFBC}") = "Luciano.Serafim.Banking.Accounts.MongoDb", "Accounts\Luciano.Serafim.Banking.Accounts.MongoDb\Luciano.Serafim.Banking.Accounts.MongoDb.csproj", "{4D32946A-77A6-473C-9DB2-28C86F9B9820}"
EndProject
Project("{FAE04EC0-301F-11D3-BF4B-00C04F79EFBC}") = "Luciano.Serafim.Banking.Events.MongoDb", "Events\Luciano.Serafim.Banking.Events.MongoDb\Luciano.Serafim.Banking.Events.MongoDb.csproj", "{B09A17AF-1767-4278-B96B-F7B77669CDCC}"
EndProject
Project("{FAE04EC0-301F-11D3-BF4B-00C04F79EFBC}") = "Luciano.Serafim.Banking.Events.Abstractions", "Events\Luciano.Serafim.Banking.Events.Abstractions\Luciano.Serafim.Banking.Events.Abstractions.csproj", "{E61076F2-64AC-4710-89AA-3F16C04FCDCE}"
EndProject
Project("{FAE04EC0-301F-11D3-BF4B-00C04F79EFBC}") = "Luciano.Serafim.Banking.Events.Models", "Events\Luciano.Serafim.Banking.Events.Models\Luciano.Serafim.Banking.Events.Models.csproj", "{7E7D1424-75DE-47D8-ACE6-9F6E68BA9A4F}"
EndProject
Global
	GlobalSection(SolutionConfigurationPlatforms) = preSolution
		Debug|Any CPU = Debug|Any CPU
		Release|Any CPU = Release|Any CPU
	EndGlobalSection
	GlobalSection(ProjectConfigurationPlatforms) = postSolution
		{EC8369CA-24B7-4258-8A00-3A7724EF16DF}.Debug|Any CPU.ActiveCfg = Debug|Any CPU
		{EC8369CA-24B7-4258-8A00-3A7724EF16DF}.Debug|Any CPU.Build.0 = Debug|Any CPU
		{EC8369CA-24B7-4258-8A00-3A7724EF16DF}.Release|Any CPU.ActiveCfg = Release|Any CPU
		{EC8369CA-24B7-4258-8A00-3A7724EF16DF}.Release|Any CPU.Build.0 = Release|Any CPU
		{8D36779C-43D2-4C4D-A4AF-8A04B107363F}.Debug|Any CPU.ActiveCfg = Debug|Any CPU
		{8D36779C-43D2-4C4D-A4AF-8A04B107363F}.Debug|Any CPU.Build.0 = Debug|Any CPU
		{8D36779C-43D2-4C4D-A4AF-8A04B107363F}.Release|Any CPU.ActiveCfg = Release|Any CPU
		{8D36779C-43D2-4C4D-A4AF-8A04B107363F}.Release|Any CPU.Build.0 = Release|Any CPU
		{73553EBD-69FD-420A-AC1C-9D2E1F2DC140}.Debug|Any CPU.ActiveCfg = Debug|Any CPU
		{73553EBD-69FD-420A-AC1C-9D2E1F2DC140}.Debug|Any CPU.Build.0 = Debug|Any CPU
		{73553EBD-69FD-420A-AC1C-9D2E1F2DC140}.Release|Any CPU.ActiveCfg = Release|Any CPU
		{73553EBD-69FD-420A-AC1C-9D2E1F2DC140}.Release|Any CPU.Build.0 = Release|Any CPU
		{203C1639-DDC0-43C9-A82D-D72EAA466C0F}.Debug|Any CPU.ActiveCfg = Debug|Any CPU
		{203C1639-DDC0-43C9-A82D-D72EAA466C0F}.Debug|Any CPU.Build.0 = Debug|Any CPU
		{203C1639-DDC0-43C9-A82D-D72EAA466C0F}.Release|Any CPU.ActiveCfg = Release|Any CPU
		{203C1639-DDC0-43C9-A82D-D72EAA466C0F}.Release|Any CPU.Build.0 = Release|Any CPU
		{FDC3CBB8-5F69-4B3A-80FB-5C7F911B61E4}.Debug|Any CPU.ActiveCfg = Debug|Any CPU
		{FDC3CBB8-5F69-4B3A-80FB-5C7F911B61E4}.Debug|Any CPU.Build.0 = Debug|Any CPU
		{FDC3CBB8-5F69-4B3A-80FB-5C7F911B61E4}.Release|Any CPU.ActiveCfg = Release|Any CPU
		{FDC3CBB8-5F69-4B3A-80FB-5C7F911B61E4}.Release|Any CPU.Build.0 = Release|Any CPU
		{62190CD1-3F03-4BA7-BFBF-05E7ABF9D6D1}.Debug|Any CPU.ActiveCfg = Debug|Any CPU
		{62190CD1-3F03-4BA7-BFBF-05E7ABF9D6D1}.Debug|Any CPU.Build.0 = Debug|Any CPU
		{62190CD1-3F03-4BA7-BFBF-05E7ABF9D6D1}.Release|Any CPU.ActiveCfg = Release|Any CPU
		{62190CD1-3F03-4BA7-BFBF-05E7ABF9D6D1}.Release|Any CPU.Build.0 = Release|Any CPU
		{53E0E745-B439-43D7-9180-7DECE7EB676E}.Debug|Any CPU.ActiveCfg = Debug|Any CPU
		{53E0E745-B439-43D7-9180-7DECE7EB676E}.Debug|Any CPU.Build.0 = Debug|Any CPU
		{53E0E745-B439-43D7-9180-7DECE7EB676E}.Release|Any CPU.ActiveCfg = Release|Any CPU
		{53E0E745-B439-43D7-9180-7DECE7EB676E}.Release|Any CPU.Build.0 = Release|Any CPU
		{D83A723C-5589-4F61-8256-52B82433B4C1}.Debug|Any CPU.ActiveCfg = Debug|Any CPU
		{D83A723C-5589-4F61-8256-52B82433B4C1}.Debug|Any CPU.Build.0 = Debug|Any CPU
		{D83A723C-5589-4F61-8256-52B82433B4C1}.Release|Any CPU.ActiveCfg = Release|Any CPU
		{D83A723C-5589-4F61-8256-52B82433B4C1}.Release|Any CPU.Build.0 = Release|Any CPU
		{C741F3CF-C129-48BF-B903-C8E888AFED97}.Debug|Any CPU.ActiveCfg = Debug|Any CPU
		{C741F3CF-C129-48BF-B903-C8E888AFED97}.Debug|Any CPU.Build.0 = Debug|Any CPU
		{C741F3CF-C129-48BF-B903-C8E888AFED97}.Release|Any CPU.ActiveCfg = Release|Any CPU
		{C741F3CF-C129-48BF-B903-C8E888AFED97}.Release|Any CPU.Build.0 = Release|Any CPU
		{00B779C4-34FB-4FDE-9552-7B1452AD5850}.Debug|Any CPU.ActiveCfg = Debug|Any CPU
		{00B779C4-34FB-4FDE-9552-7B1452AD5850}.Debug|Any CPU.Build.0 = Debug|Any CPU
		{00B779C4-34FB-4FDE-9552-7B1452AD5850}.Release|Any CPU.ActiveCfg = Release|Any CPU
		{00B779C4-34FB-4FDE-9552-7B1452AD5850}.Release|Any CPU.Build.0 = Release|Any CPU
		{80DEB088-4F2A-49CF-B2B4-FB879480DE0F}.Debug|Any CPU.ActiveCfg = Debug|Any CPU
		{80DEB088-4F2A-49CF-B2B4-FB879480DE0F}.Debug|Any CPU.Build.0 = Debug|Any CPU
		{80DEB088-4F2A-49CF-B2B4-FB879480DE0F}.Release|Any CPU.ActiveCfg = Release|Any CPU
		{80DEB088-4F2A-49CF-B2B4-FB879480DE0F}.Release|Any CPU.Build.0 = Release|Any CPU
		{DA41CD55-6F93-470B-B4C1-5FA5A8977B28}.Debug|Any CPU.ActiveCfg = Debug|Any CPU
		{DA41CD55-6F93-470B-B4C1-5FA5A8977B28}.Debug|Any CPU.Build.0 = Debug|Any CPU
		{DA41CD55-6F93-470B-B4C1-5FA5A8977B28}.Release|Any CPU.ActiveCfg = Release|Any CPU
		{DA41CD55-6F93-470B-B4C1-5FA5A8977B28}.Release|Any CPU.Build.0 = Release|Any CPU
		{7857FAB0-376C-4109-95ED-BABD83D27C99}.Debug|Any CPU.ActiveCfg = Debug|Any CPU
		{7857FAB0-376C-4109-95ED-BABD83D27C99}.Debug|Any CPU.Build.0 = Debug|Any CPU
		{7857FAB0-376C-4109-95ED-BABD83D27C99}.Release|Any CPU.ActiveCfg = Release|Any CPU
		{7857FAB0-376C-4109-95ED-BABD83D27C99}.Release|Any CPU.Build.0 = Release|Any CPU
		{6EA2A073-7492-4EFF-8126-B805F5C70059}.Debug|Any CPU.ActiveCfg = Debug|Any CPU
		{6EA2A073-7492-4EFF-8126-B805F5C70059}.Debug|Any CPU.Build.0 = Debug|Any CPU
		{6EA2A073-7492-4EFF-8126-B805F5C70059}.Release|Any CPU.ActiveCfg = Release|Any CPU
		{6EA2A073-7492-4EFF-8126-B805F5C70059}.Release|Any CPU.Build.0 = Release|Any CPU
		{4D32946A-77A6-473C-9DB2-28C86F9B9820}.Debug|Any CPU.ActiveCfg = Debug|Any CPU
		{4D32946A-77A6-473C-9DB2-28C86F9B9820}.Debug|Any CPU.Build.0 = Debug|Any CPU
		{4D32946A-77A6-473C-9DB2-28C86F9B9820}.Release|Any CPU.ActiveCfg = Release|Any CPU
		{4D32946A-77A6-473C-9DB2-28C86F9B9820}.Release|Any CPU.Build.0 = Release|Any CPU
		{B09A17AF-1767-4278-B96B-F7B77669CDCC}.Debug|Any CPU.ActiveCfg = Debug|Any CPU
		{B09A17AF-1767-4278-B96B-F7B77669CDCC}.Debug|Any CPU.Build.0 = Debug|Any CPU
		{B09A17AF-1767-4278-B96B-F7B77669CDCC}.Release|Any CPU.ActiveCfg = Release|Any CPU
		{B09A17AF-1767-4278-B96B-F7B77669CDCC}.Release|Any CPU.Build.0 = Release|Any CPU
		{E61076F2-64AC-4710-89AA-3F16C04FCDCE}.Debug|Any CPU.ActiveCfg = Debug|Any CPU
		{E61076F2-64AC-4710-89AA-3F16C04FCDCE}.Debug|Any CPU.Build.0 = Debug|Any CPU
		{E61076F2-64AC-4710-89AA-3F16C04FCDCE}.Release|Any CPU.ActiveCfg = Release|Any CPU
		{E61076F2-64AC-4710-89AA-3F16C04FCDCE}.Release|Any CPU.Build.0 = Release|Any CPU
		{7E7D1424-75DE-47D8-ACE6-9F6E68BA9A4F}.Debug|Any CPU.ActiveCfg = Debug|Any CPU
		{7E7D1424-75DE-47D8-ACE6-9F6E68BA9A4F}.Debug|Any CPU.Build.0 = Debug|Any CPU
		{7E7D1424-75DE-47D8-ACE6-9F6E68BA9A4F}.Release|Any CPU.ActiveCfg = Release|Any CPU
		{7E7D1424-75DE-47D8-ACE6-9F6E68BA9A4F}.Release|Any CPU.Build.0 = Release|Any CPU
	EndGlobalSection
	GlobalSection(SolutionProperties) = preSolution
		HideSolutionNode = FALSE
	EndGlobalSection
	GlobalSection(NestedProjects) = preSolution
		{EC8369CA-24B7-4258-8A00-3A7724EF16DF} = {CF9748BF-AA95-4FD9-9308-340EA02A9AEB}
		{8D36779C-43D2-4C4D-A4AF-8A04B107363F} = {D74EB65E-04B5-4208-BF3D-31B34E70EFB5}
		{73553EBD-69FD-420A-AC1C-9D2E1F2DC140} = {D77EF856-304A-4594-9BCF-6B40008B8B72}
		{203C1639-DDC0-43C9-A82D-D72EAA466C0F} = {0045BF8C-6218-46F0-BAC1-7A35B68C9175}
		{FDC3CBB8-5F69-4B3A-80FB-5C7F911B61E4} = {91F44283-C18D-4BA4-ADF5-C7E059C3FD5A}
		{62190CD1-3F03-4BA7-BFBF-05E7ABF9D6D1} = {91F44283-C18D-4BA4-ADF5-C7E059C3FD5A}
		{53E0E745-B439-43D7-9180-7DECE7EB676E} = {91F44283-C18D-4BA4-ADF5-C7E059C3FD5A}
		{D83A723C-5589-4F61-8256-52B82433B4C1} = {91F44283-C18D-4BA4-ADF5-C7E059C3FD5A}
		{C741F3CF-C129-48BF-B903-C8E888AFED97} = {91F44283-C18D-4BA4-ADF5-C7E059C3FD5A}
		{CD589258-F952-4D02-8139-CAC2898F5941} = {91F44283-C18D-4BA4-ADF5-C7E059C3FD5A}
		{00B779C4-34FB-4FDE-9552-7B1452AD5850} = {CD589258-F952-4D02-8139-CAC2898F5941}
		{97576A46-140C-45C2-88C3-C8E317E8F7D0} = {91F44283-C18D-4BA4-ADF5-C7E059C3FD5A}
		{80DEB088-4F2A-49CF-B2B4-FB879480DE0F} = {97576A46-140C-45C2-88C3-C8E317E8F7D0}
		{94B71763-9C21-46C2-AFA9-8B95636A26C3} = {91F44283-C18D-4BA4-ADF5-C7E059C3FD5A}
		{DA41CD55-6F93-470B-B4C1-5FA5A8977B28} = {94B71763-9C21-46C2-AFA9-8B95636A26C3}
		{C82B3677-3355-41A1-B5B2-DDAE82AF619C} = {CF9748BF-AA95-4FD9-9308-340EA02A9AEB}
		{48EF7101-2CC0-403E-9C48-7ADF7EBD299E} = {CF9748BF-AA95-4FD9-9308-340EA02A9AEB}
		{42A9D05D-B0AA-4D83-945B-39AC14FA14FD} = {CF9748BF-AA95-4FD9-9308-340EA02A9AEB}
		{7857FAB0-376C-4109-95ED-BABD83D27C99} = {CD589258-F952-4D02-8139-CAC2898F5941}
		{6EA2A073-7492-4EFF-8126-B805F5C70059} = {CD589258-F952-4D02-8139-CAC2898F5941}
		{CEB94E24-243B-4FDB-BA43-E73F968BDD77} = {D77EF856-304A-4594-9BCF-6B40008B8B72}
		{17C8BA44-5118-4601-9578-26AE6B8588C9} = {D77EF856-304A-4594-9BCF-6B40008B8B72}
		{58368D36-C3F6-43C5-BE4D-5B9363669D57} = {D77EF856-304A-4594-9BCF-6B40008B8B72}
		{4D32946A-77A6-473C-9DB2-28C86F9B9820} = {CEB94E24-243B-4FDB-BA43-E73F968BDD77}
		{B09A17AF-1767-4278-B96B-F7B77669CDCC} = {58368D36-C3F6-43C5-BE4D-5B9363669D57}
		{E61076F2-64AC-4710-89AA-3F16C04FCDCE} = {94B71763-9C21-46C2-AFA9-8B95636A26C3}
		{7E7D1424-75DE-47D8-ACE6-9F6E68BA9A4F} = {94B71763-9C21-46C2-AFA9-8B95636A26C3}
	EndGlobalSection
EndGlobal
